
Microsoft Visual Studio Solution File, Format Version 12.00
Project("{2150E333-8FDC-42A3-9474-1A3956D46DE8}") = "src", "src", "{4D4320F6-B887-45F4-AEAF-B161CE0604C3}"
EndProject
Project("{2150E333-8FDC-42A3-9474-1A3956D46DE8}") = "2022", "2022", "{8B7203AD-0895-4B01-A000-A04BDE5AB0FF}"
EndProject
Project("{2150E333-8FDC-42A3-9474-1A3956D46DE8}") = "01", "01", "{A80F646D-B9AC-40AD-8458-EDAD18E55266}"
EndProject
Project("{FAE04EC0-301F-11D3-BF4B-00C04F79EFBC}") = "CalorieCounting", "src\2022\01\CalorieCounting\CalorieCounting.csproj", "{8D16BD70-BF0E-473F-8C8C-8C500B5CC333}"
EndProject
Project("{2150E333-8FDC-42A3-9474-1A3956D46DE8}") = "02", "02", "{7907B34E-4AD9-4750-A2B9-21FEE63DA1C6}"
EndProject
Project("{FAE04EC0-301F-11D3-BF4B-00C04F79EFBC}") = "RockPaperScissors", "src\2022\02\RockPaperScissors\RockPaperScissors.csproj", "{AB890A24-3A36-4130-9057-CF60A5C1DF30}"
EndProject
Project("{2150E333-8FDC-42A3-9474-1A3956D46DE8}") = "03", "03", "{1F3F6353-049E-4F25-B5BB-D20EDCEEE879}"
EndProject
Project("{FAE04EC0-301F-11D3-BF4B-00C04F79EFBC}") = "RucksackReorganization", "src\2022\03\RucksackReorganization\RucksackReorganization.csproj", "{065CD9BD-FFD2-49A5-8393-2C4C6A038C2E}"
EndProject
Global
	GlobalSection(SolutionConfigurationPlatforms) = preSolution
		Debug|Any CPU = Debug|Any CPU
		Release|Any CPU = Release|Any CPU
	EndGlobalSection
	GlobalSection(NestedProjects) = preSolution
		{8B7203AD-0895-4B01-A000-A04BDE5AB0FF} = {4D4320F6-B887-45F4-AEAF-B161CE0604C3}
		{A80F646D-B9AC-40AD-8458-EDAD18E55266} = {8B7203AD-0895-4B01-A000-A04BDE5AB0FF}
		{8D16BD70-BF0E-473F-8C8C-8C500B5CC333} = {A80F646D-B9AC-40AD-8458-EDAD18E55266}
		{7907B34E-4AD9-4750-A2B9-21FEE63DA1C6} = {8B7203AD-0895-4B01-A000-A04BDE5AB0FF}
		{AB890A24-3A36-4130-9057-CF60A5C1DF30} = {7907B34E-4AD9-4750-A2B9-21FEE63DA1C6}
		{1F3F6353-049E-4F25-B5BB-D20EDCEEE879} = {8B7203AD-0895-4B01-A000-A04BDE5AB0FF}
		{065CD9BD-FFD2-49A5-8393-2C4C6A038C2E} = {1F3F6353-049E-4F25-B5BB-D20EDCEEE879}
	EndGlobalSection
	GlobalSection(ProjectConfigurationPlatforms) = postSolution
		{8D16BD70-BF0E-473F-8C8C-8C500B5CC333}.Debug|Any CPU.ActiveCfg = Debug|Any CPU
		{8D16BD70-BF0E-473F-8C8C-8C500B5CC333}.Debug|Any CPU.Build.0 = Debug|Any CPU
		{8D16BD70-BF0E-473F-8C8C-8C500B5CC333}.Release|Any CPU.ActiveCfg = Release|Any CPU
		{8D16BD70-BF0E-473F-8C8C-8C500B5CC333}.Release|Any CPU.Build.0 = Release|Any CPU
		{AB890A24-3A36-4130-9057-CF60A5C1DF30}.Debug|Any CPU.ActiveCfg = Debug|Any CPU
		{AB890A24-3A36-4130-9057-CF60A5C1DF30}.Debug|Any CPU.Build.0 = Debug|Any CPU
		{AB890A24-3A36-4130-9057-CF60A5C1DF30}.Release|Any CPU.ActiveCfg = Release|Any CPU
		{AB890A24-3A36-4130-9057-CF60A5C1DF30}.Release|Any CPU.Build.0 = Release|Any CPU
		{065CD9BD-FFD2-49A5-8393-2C4C6A038C2E}.Debug|Any CPU.ActiveCfg = Debug|Any CPU
		{065CD9BD-FFD2-49A5-8393-2C4C6A038C2E}.Debug|Any CPU.Build.0 = Debug|Any CPU
		{065CD9BD-FFD2-49A5-8393-2C4C6A038C2E}.Release|Any CPU.ActiveCfg = Release|Any CPU
		{065CD9BD-FFD2-49A5-8393-2C4C6A038C2E}.Release|Any CPU.Build.0 = Release|Any CPU
	EndGlobalSection
EndGlobal
